// !$*UTF8*$!
{
	archiveVersion = 1;
	classes = {
	};
	objectVersion = 50;
	objects = {

/* Begin PBXBuildFile section */
		4A1CC04A22800F6F00C01F97 /* Constants.swift in Sources */ = {isa = PBXBuildFile; fileRef = 4A1CC04922800F6F00C01F97 /* Constants.swift */; };
		4A1CC04D22801CC800C01F97 /* AppStroryboard.swift in Sources */ = {isa = PBXBuildFile; fileRef = 4A1CC04C22801CC800C01F97 /* AppStroryboard.swift */; };
		4A1CC05022801F3400C01F97 /* QuestionsHeaderView.swift in Sources */ = {isa = PBXBuildFile; fileRef = 4A1CC04F22801F3400C01F97 /* QuestionsHeaderView.swift */; };
		4A1CC05222801F4200C01F97 /* QuestionsHeaderView.xib in Resources */ = {isa = PBXBuildFile; fileRef = 4A1CC05122801F4200C01F97 /* QuestionsHeaderView.xib */; };
		4A1CC055228020C100C01F97 /* Extension.swift in Sources */ = {isa = PBXBuildFile; fileRef = 4A1CC054228020C100C01F97 /* Extension.swift */; };
		4A1CC05A2280388D00C01F97 /* QuestionsFooterView.swift in Sources */ = {isa = PBXBuildFile; fileRef = 4A1CC0582280388D00C01F97 /* QuestionsFooterView.swift */; };
		4A1CC05B2280388D00C01F97 /* QuestionsFooterView.xib in Resources */ = {isa = PBXBuildFile; fileRef = 4A1CC0592280388D00C01F97 /* QuestionsFooterView.xib */; };
		4A1CC05E2280414500C01F97 /* QuestionsContainerView.xib in Resources */ = {isa = PBXBuildFile; fileRef = 4A1CC05C2280414400C01F97 /* QuestionsContainerView.xib */; };
		4A1CC05F2280414500C01F97 /* QuestionsContainerView.swift in Sources */ = {isa = PBXBuildFile; fileRef = 4A1CC05D2280414400C01F97 /* QuestionsContainerView.swift */; };
		4A1CC06122806DFF00C01F97 /* QuestionViewModel.swift in Sources */ = {isa = PBXBuildFile; fileRef = 4A1CC06022806DFF00C01F97 /* QuestionViewModel.swift */; };
		4A1CC06322806E5700C01F97 /* QuestionModel.swift in Sources */ = {isa = PBXBuildFile; fileRef = 4A1CC06222806E5700C01F97 /* QuestionModel.swift */; };
		4A1CC06522806F0700C01F97 /* QuestionsJson.json in Resources */ = {isa = PBXBuildFile; fileRef = 4A1CC06422806F0700C01F97 /* QuestionsJson.json */; };
		4A5D2BF62281492100BBEE6E /* DataManager.swift in Sources */ = {isa = PBXBuildFile; fileRef = 4A5D2BF52281492100BBEE6E /* DataManager.swift */; };
		4ABAEF88228000A000C715E5 /* AppDelegate.swift in Sources */ = {isa = PBXBuildFile; fileRef = 4ABAEF87228000A000C715E5 /* AppDelegate.swift */; };
		4ABAEF8A228000A000C715E5 /* LandingViewController.swift in Sources */ = {isa = PBXBuildFile; fileRef = 4ABAEF89228000A000C715E5 /* LandingViewController.swift */; };
		4ABAEF8D228000A000C715E5 /* Main.storyboard in Resources */ = {isa = PBXBuildFile; fileRef = 4ABAEF8B228000A000C715E5 /* Main.storyboard */; };
		4ABAEF8F228000A200C715E5 /* Assets.xcassets in Resources */ = {isa = PBXBuildFile; fileRef = 4ABAEF8E228000A200C715E5 /* Assets.xcassets */; };
		4ABAEF92228000A200C715E5 /* LaunchScreen.storyboard in Resources */ = {isa = PBXBuildFile; fileRef = 4ABAEF90228000A200C715E5 /* LaunchScreen.storyboard */; };
		4ABAEF9D228000A200C715E5 /* FunQuizTests.swift in Sources */ = {isa = PBXBuildFile; fileRef = 4ABAEF9C228000A200C715E5 /* FunQuizTests.swift */; };
		4ABAEFA8228000A200C715E5 /* FunQuizUITests.swift in Sources */ = {isa = PBXBuildFile; fileRef = 4ABAEFA7228000A200C715E5 /* FunQuizUITests.swift */; };
		4ABAEFB92280038100C715E5 /* QuestionsViewController.swift in Sources */ = {isa = PBXBuildFile; fileRef = 4ABAEFB82280038100C715E5 /* QuestionsViewController.swift */; };
/* End PBXBuildFile section */

/* Begin PBXContainerItemProxy section */
		4ABAEF99228000A200C715E5 /* PBXContainerItemProxy */ = {
			isa = PBXContainerItemProxy;
			containerPortal = 4ABAEF7C228000A000C715E5 /* Project object */;
			proxyType = 1;
			remoteGlobalIDString = 4ABAEF83228000A000C715E5;
			remoteInfo = FunQuiz;
		};
		4ABAEFA4228000A200C715E5 /* PBXContainerItemProxy */ = {
			isa = PBXContainerItemProxy;
			containerPortal = 4ABAEF7C228000A000C715E5 /* Project object */;
			proxyType = 1;
			remoteGlobalIDString = 4ABAEF83228000A000C715E5;
			remoteInfo = FunQuiz;
		};
/* End PBXContainerItemProxy section */

/* Begin PBXFileReference section */
		4A1CC04922800F6F00C01F97 /* Constants.swift */ = {isa = PBXFileReference; lastKnownFileType = sourcecode.swift; path = Constants.swift; sourceTree = "<group>"; };
		4A1CC04C22801CC800C01F97 /* AppStroryboard.swift */ = {isa = PBXFileReference; fileEncoding = 4; lastKnownFileType = sourcecode.swift; path = AppStroryboard.swift; sourceTree = "<group>"; };
		4A1CC04F22801F3400C01F97 /* QuestionsHeaderView.swift */ = {isa = PBXFileReference; lastKnownFileType = sourcecode.swift; path = QuestionsHeaderView.swift; sourceTree = "<group>"; };
		4A1CC05122801F4200C01F97 /* QuestionsHeaderView.xib */ = {isa = PBXFileReference; lastKnownFileType = file.xib; path = QuestionsHeaderView.xib; sourceTree = "<group>"; };
		4A1CC054228020C100C01F97 /* Extension.swift */ = {isa = PBXFileReference; lastKnownFileType = sourcecode.swift; path = Extension.swift; sourceTree = "<group>"; };
		4A1CC0582280388D00C01F97 /* QuestionsFooterView.swift */ = {isa = PBXFileReference; fileEncoding = 4; lastKnownFileType = sourcecode.swift; path = QuestionsFooterView.swift; sourceTree = "<group>"; };
		4A1CC0592280388D00C01F97 /* QuestionsFooterView.xib */ = {isa = PBXFileReference; fileEncoding = 4; lastKnownFileType = file.xib; path = QuestionsFooterView.xib; sourceTree = "<group>"; };
		4A1CC05C2280414400C01F97 /* QuestionsContainerView.xib */ = {isa = PBXFileReference; fileEncoding = 4; lastKnownFileType = file.xib; path = QuestionsContainerView.xib; sourceTree = "<group>"; };
		4A1CC05D2280414400C01F97 /* QuestionsContainerView.swift */ = {isa = PBXFileReference; fileEncoding = 4; lastKnownFileType = sourcecode.swift; path = QuestionsContainerView.swift; sourceTree = "<group>"; };
		4A1CC06022806DFF00C01F97 /* QuestionViewModel.swift */ = {isa = PBXFileReference; lastKnownFileType = sourcecode.swift; path = QuestionViewModel.swift; sourceTree = "<group>"; };
		4A1CC06222806E5700C01F97 /* QuestionModel.swift */ = {isa = PBXFileReference; lastKnownFileType = sourcecode.swift; path = QuestionModel.swift; sourceTree = "<group>"; };
		4A1CC06422806F0700C01F97 /* QuestionsJson.json */ = {isa = PBXFileReference; fileEncoding = 4; lastKnownFileType = text.json; path = QuestionsJson.json; sourceTree = "<group>"; };
		4A5D2BF52281492100BBEE6E /* DataManager.swift */ = {isa = PBXFileReference; lastKnownFileType = sourcecode.swift; path = DataManager.swift; sourceTree = "<group>"; };
		4ABAEF84228000A000C715E5 /* FunQuiz.app */ = {isa = PBXFileReference; explicitFileType = wrapper.application; includeInIndex = 0; path = FunQuiz.app; sourceTree = BUILT_PRODUCTS_DIR; };
		4ABAEF87228000A000C715E5 /* AppDelegate.swift */ = {isa = PBXFileReference; lastKnownFileType = sourcecode.swift; path = AppDelegate.swift; sourceTree = "<group>"; };
		4ABAEF89228000A000C715E5 /* LandingViewController.swift */ = {isa = PBXFileReference; lastKnownFileType = sourcecode.swift; path = LandingViewController.swift; sourceTree = "<group>"; };
		4ABAEF8C228000A000C715E5 /* Base */ = {isa = PBXFileReference; lastKnownFileType = file.storyboard; name = Base; path = Base.lproj/Main.storyboard; sourceTree = "<group>"; };
		4ABAEF8E228000A200C715E5 /* Assets.xcassets */ = {isa = PBXFileReference; lastKnownFileType = folder.assetcatalog; path = Assets.xcassets; sourceTree = "<group>"; };
		4ABAEF91228000A200C715E5 /* Base */ = {isa = PBXFileReference; lastKnownFileType = file.storyboard; name = Base; path = Base.lproj/LaunchScreen.storyboard; sourceTree = "<group>"; };
		4ABAEF93228000A200C715E5 /* Info.plist */ = {isa = PBXFileReference; lastKnownFileType = text.plist.xml; path = Info.plist; sourceTree = "<group>"; };
		4ABAEF98228000A200C715E5 /* FunQuizTests.xctest */ = {isa = PBXFileReference; explicitFileType = wrapper.cfbundle; includeInIndex = 0; path = FunQuizTests.xctest; sourceTree = BUILT_PRODUCTS_DIR; };
		4ABAEF9C228000A200C715E5 /* FunQuizTests.swift */ = {isa = PBXFileReference; lastKnownFileType = sourcecode.swift; path = FunQuizTests.swift; sourceTree = "<group>"; };
		4ABAEF9E228000A200C715E5 /* Info.plist */ = {isa = PBXFileReference; lastKnownFileType = text.plist.xml; path = Info.plist; sourceTree = "<group>"; };
		4ABAEFA3228000A200C715E5 /* FunQuizUITests.xctest */ = {isa = PBXFileReference; explicitFileType = wrapper.cfbundle; includeInIndex = 0; path = FunQuizUITests.xctest; sourceTree = BUILT_PRODUCTS_DIR; };
		4ABAEFA7228000A200C715E5 /* FunQuizUITests.swift */ = {isa = PBXFileReference; lastKnownFileType = sourcecode.swift; path = FunQuizUITests.swift; sourceTree = "<group>"; };
		4ABAEFA9228000A200C715E5 /* Info.plist */ = {isa = PBXFileReference; lastKnownFileType = text.plist.xml; path = Info.plist; sourceTree = "<group>"; };
		4ABAEFB82280038100C715E5 /* QuestionsViewController.swift */ = {isa = PBXFileReference; lastKnownFileType = sourcecode.swift; path = QuestionsViewController.swift; sourceTree = "<group>"; };
/* End PBXFileReference section */

/* Begin PBXFrameworksBuildPhase section */
		4ABAEF81228000A000C715E5 /* Frameworks */ = {
			isa = PBXFrameworksBuildPhase;
			buildActionMask = 2147483647;
			files = (
			);
			runOnlyForDeploymentPostprocessing = 0;
		};
		4ABAEF95228000A200C715E5 /* Frameworks */ = {
			isa = PBXFrameworksBuildPhase;
			buildActionMask = 2147483647;
			files = (
			);
			runOnlyForDeploymentPostprocessing = 0;
		};
		4ABAEFA0228000A200C715E5 /* Frameworks */ = {
			isa = PBXFrameworksBuildPhase;
			buildActionMask = 2147483647;
			files = (
			);
			runOnlyForDeploymentPostprocessing = 0;
		};
/* End PBXFrameworksBuildPhase section */

/* Begin PBXGroup section */
		4A1CC04822800F5E00C01F97 /* Constants */ = {
			isa = PBXGroup;
			children = (
				4A1CC04922800F6F00C01F97 /* Constants.swift */,
			);
			path = Constants;
			sourceTree = "<group>";
		};
		4A1CC04B22801CA800C01F97 /* Helpers */ = {
			isa = PBXGroup;
			children = (
				4A1CC04C22801CC800C01F97 /* AppStroryboard.swift */,
			);
			path = Helpers;
			sourceTree = "<group>";
		};
		4A1CC04E22801EFD00C01F97 /* Views */ = {
			isa = PBXGroup;
			children = (
				4A1CC05D2280414400C01F97 /* QuestionsContainerView.swift */,
				4A1CC05C2280414400C01F97 /* QuestionsContainerView.xib */,
				4A1CC0582280388D00C01F97 /* QuestionsFooterView.swift */,
				4A1CC0592280388D00C01F97 /* QuestionsFooterView.xib */,
				4A1CC04F22801F3400C01F97 /* QuestionsHeaderView.swift */,
				4A1CC05122801F4200C01F97 /* QuestionsHeaderView.xib */,
			);
			path = Views;
			sourceTree = "<group>";
		};
		4A1CC053228020A900C01F97 /* Extensions */ = {
			isa = PBXGroup;
			children = (
				4A1CC054228020C100C01F97 /* Extension.swift */,
			);
			path = Extensions;
			sourceTree = "<group>";
		};
		4A5D2BF42281490A00BBEE6E /* Manager */ = {
			isa = PBXGroup;
			children = (
				4A5D2BF52281492100BBEE6E /* DataManager.swift */,
			);
			path = Manager;
			sourceTree = "<group>";
		};
		4ABAEF7B228000A000C715E5 = {
			isa = PBXGroup;
			children = (
				4ABAEF86228000A000C715E5 /* FunQuiz */,
				4ABAEF9B228000A200C715E5 /* FunQuizTests */,
				4ABAEFA6228000A200C715E5 /* FunQuizUITests */,
				4ABAEF85228000A000C715E5 /* Products */,
			);
			sourceTree = "<group>";
		};
		4ABAEF85228000A000C715E5 /* Products */ = {
			isa = PBXGroup;
			children = (
				4ABAEF84228000A000C715E5 /* FunQuiz.app */,
				4ABAEF98228000A200C715E5 /* FunQuizTests.xctest */,
				4ABAEFA3228000A200C715E5 /* FunQuizUITests.xctest */,
			);
			name = Products;
			sourceTree = "<group>";
		};
		4ABAEF86228000A000C715E5 /* FunQuiz */ = {
			isa = PBXGroup;
			children = (
				4A5D2BF42281490A00BBEE6E /* Manager */,
				4A1CC053228020A900C01F97 /* Extensions */,
				4A1CC04E22801EFD00C01F97 /* Views */,
				4A1CC04B22801CA800C01F97 /* Helpers */,
				4A1CC04822800F5E00C01F97 /* Constants */,
				4ABAEFB6228002D400C715E5 /* Models */,
				4ABAEFB5228002D400C715E5 /* ViewControllers */,
				4ABAEFB7228002D400C715E5 /* ViewModels */,
				4ABAEF87228000A000C715E5 /* AppDelegate.swift */,
				4ABAEF8B228000A000C715E5 /* Main.storyboard */,
				4ABAEF8E228000A200C715E5 /* Assets.xcassets */,
				4ABAEF90228000A200C715E5 /* LaunchScreen.storyboard */,
				4A1CC06422806F0700C01F97 /* QuestionsJson.json */,
				4ABAEF93228000A200C715E5 /* Info.plist */,
			);
			path = FunQuiz;
			sourceTree = "<group>";
		};
		4ABAEF9B228000A200C715E5 /* FunQuizTests */ = {
			isa = PBXGroup;
			children = (
				4ABAEF9C228000A200C715E5 /* FunQuizTests.swift */,
				4ABAEF9E228000A200C715E5 /* Info.plist */,
			);
			path = FunQuizTests;
			sourceTree = "<group>";
		};
		4ABAEFA6228000A200C715E5 /* FunQuizUITests */ = {
			isa = PBXGroup;
			children = (
				4ABAEFA7228000A200C715E5 /* FunQuizUITests.swift */,
				4ABAEFA9228000A200C715E5 /* Info.plist */,
			);
			path = FunQuizUITests;
			sourceTree = "<group>";
		};
		4ABAEFB5228002D400C715E5 /* ViewControllers */ = {
			isa = PBXGroup;
			children = (
				4ABAEF89228000A000C715E5 /* LandingViewController.swift */,
				4ABAEFB82280038100C715E5 /* QuestionsViewController.swift */,
			);
			path = ViewControllers;
			sourceTree = "<group>";
		};
		4ABAEFB6228002D400C715E5 /* Models */ = {
			isa = PBXGroup;
			children = (
				4A1CC06222806E5700C01F97 /* QuestionModel.swift */,
			);
			path = Models;
			sourceTree = "<group>";
		};
		4ABAEFB7228002D400C715E5 /* ViewModels */ = {
			isa = PBXGroup;
			children = (
				4A1CC06022806DFF00C01F97 /* QuestionViewModel.swift */,
			);
			path = ViewModels;
			sourceTree = "<group>";
		};
/* End PBXGroup section */

/* Begin PBXNativeTarget section */
		4ABAEF83228000A000C715E5 /* FunQuiz */ = {
			isa = PBXNativeTarget;
			buildConfigurationList = 4ABAEFAC228000A200C715E5 /* Build configuration list for PBXNativeTarget "FunQuiz" */;
			buildPhases = (
				4ABAEF80228000A000C715E5 /* Sources */,
				4ABAEF81228000A000C715E5 /* Frameworks */,
				4ABAEF82228000A000C715E5 /* Resources */,
			);
			buildRules = (
			);
			dependencies = (
			);
			name = FunQuiz;
			productName = FunQuiz;
			productReference = 4ABAEF84228000A000C715E5 /* FunQuiz.app */;
			productType = "com.apple.product-type.application";
		};
		4ABAEF97228000A200C715E5 /* FunQuizTests */ = {
			isa = PBXNativeTarget;
			buildConfigurationList = 4ABAEFAF228000A200C715E5 /* Build configuration list for PBXNativeTarget "FunQuizTests" */;
			buildPhases = (
				4ABAEF94228000A200C715E5 /* Sources */,
				4ABAEF95228000A200C715E5 /* Frameworks */,
				4ABAEF96228000A200C715E5 /* Resources */,
			);
			buildRules = (
			);
			dependencies = (
				4ABAEF9A228000A200C715E5 /* PBXTargetDependency */,
			);
			name = FunQuizTests;
			productName = FunQuizTests;
			productReference = 4ABAEF98228000A200C715E5 /* FunQuizTests.xctest */;
			productType = "com.apple.product-type.bundle.unit-test";
		};
		4ABAEFA2228000A200C715E5 /* FunQuizUITests */ = {
			isa = PBXNativeTarget;
			buildConfigurationList = 4ABAEFB2228000A200C715E5 /* Build configuration list for PBXNativeTarget "FunQuizUITests" */;
			buildPhases = (
				4ABAEF9F228000A200C715E5 /* Sources */,
				4ABAEFA0228000A200C715E5 /* Frameworks */,
				4ABAEFA1228000A200C715E5 /* Resources */,
			);
			buildRules = (
			);
			dependencies = (
				4ABAEFA5228000A200C715E5 /* PBXTargetDependency */,
			);
			name = FunQuizUITests;
			productName = FunQuizUITests;
			productReference = 4ABAEFA3228000A200C715E5 /* FunQuizUITests.xctest */;
			productType = "com.apple.product-type.bundle.ui-testing";
		};
/* End PBXNativeTarget section */

/* Begin PBXProject section */
		4ABAEF7C228000A000C715E5 /* Project object */ = {
			isa = PBXProject;
			attributes = {
				LastSwiftUpdateCheck = 0940;
				LastUpgradeCheck = 0940;
				ORGANIZATIONNAME = "Kailash Narayan";
				TargetAttributes = {
					4ABAEF83228000A000C715E5 = {
						CreatedOnToolsVersion = 9.4.1;
						LastSwiftMigration = 1010;
					};
					4ABAEF97228000A200C715E5 = {
						CreatedOnToolsVersion = 9.4.1;
						LastSwiftMigration = 1010;
						TestTargetID = 4ABAEF83228000A000C715E5;
					};
					4ABAEFA2228000A200C715E5 = {
						CreatedOnToolsVersion = 9.4.1;
						LastSwiftMigration = 1010;
						TestTargetID = 4ABAEF83228000A000C715E5;
					};
				};
			};
			buildConfigurationList = 4ABAEF7F228000A000C715E5 /* Build configuration list for PBXProject "FunQuiz" */;
			compatibilityVersion = "Xcode 9.3";
			developmentRegion = en;
			hasScannedForEncodings = 0;
			knownRegions = (
				en,
				Base,
			);
			mainGroup = 4ABAEF7B228000A000C715E5;
			productRefGroup = 4ABAEF85228000A000C715E5 /* Products */;
			projectDirPath = "";
			projectRoot = "";
			targets = (
				4ABAEF83228000A000C715E5 /* FunQuiz */,
				4ABAEF97228000A200C715E5 /* FunQuizTests */,
				4ABAEFA2228000A200C715E5 /* FunQuizUITests */,
			);
		};
/* End PBXProject section */

/* Begin PBXResourcesBuildPhase section */
		4ABAEF82228000A000C715E5 /* Resources */ = {
			isa = PBXResourcesBuildPhase;
			buildActionMask = 2147483647;
			files = (
				4A1CC06522806F0700C01F97 /* QuestionsJson.json in Resources */,
				4A1CC05E2280414500C01F97 /* QuestionsContainerView.xib in Resources */,
				4A1CC05B2280388D00C01F97 /* QuestionsFooterView.xib in Resources */,
				4ABAEF92228000A200C715E5 /* LaunchScreen.storyboard in Resources */,
				4ABAEF8F228000A200C715E5 /* Assets.xcassets in Resources */,
				4ABAEF8D228000A000C715E5 /* Main.storyboard in Resources */,
				4A1CC05222801F4200C01F97 /* QuestionsHeaderView.xib in Resources */,
			);
			runOnlyForDeploymentPostprocessing = 0;
		};
		4ABAEF96228000A200C715E5 /* Resources */ = {
			isa = PBXResourcesBuildPhase;
			buildActionMask = 2147483647;
			files = (
			);
			runOnlyForDeploymentPostprocessing = 0;
		};
		4ABAEFA1228000A200C715E5 /* Resources */ = {
			isa = PBXResourcesBuildPhase;
			buildActionMask = 2147483647;
			files = (
			);
			runOnlyForDeploymentPostprocessing = 0;
		};
/* End PBXResourcesBuildPhase section */

/* Begin PBXSourcesBuildPhase section */
		4ABAEF80228000A000C715E5 /* Sources */ = {
			isa = PBXSourcesBuildPhase;
			buildActionMask = 2147483647;
			files = (
				4ABAEF8A228000A000C715E5 /* LandingViewController.swift in Sources */,
				4A1CC05022801F3400C01F97 /* QuestionsHeaderView.swift in Sources */,
				4A1CC06122806DFF00C01F97 /* QuestionViewModel.swift in Sources */,
				4A1CC06322806E5700C01F97 /* QuestionModel.swift in Sources */,
				4A1CC05F2280414500C01F97 /* QuestionsContainerView.swift in Sources */,
				4A1CC055228020C100C01F97 /* Extension.swift in Sources */,
				4ABAEF88228000A000C715E5 /* AppDelegate.swift in Sources */,
				4ABAEFB92280038100C715E5 /* QuestionsViewController.swift in Sources */,
				4A1CC04A22800F6F00C01F97 /* Constants.swift in Sources */,
				4A1CC05A2280388D00C01F97 /* QuestionsFooterView.swift in Sources */,
				4A5D2BF62281492100BBEE6E /* DataManager.swift in Sources */,
				4A1CC04D22801CC800C01F97 /* AppStroryboard.swift in Sources */,
			);
			runOnlyForDeploymentPostprocessing = 0;
		};
		4ABAEF94228000A200C715E5 /* Sources */ = {
			isa = PBXSourcesBuildPhase;
			buildActionMask = 2147483647;
			files = (
				4ABAEF9D228000A200C715E5 /* FunQuizTests.swift in Sources */,
			);
			runOnlyForDeploymentPostprocessing = 0;
		};
		4ABAEF9F228000A200C715E5 /* Sources */ = {
			isa = PBXSourcesBuildPhase;
			buildActionMask = 2147483647;
			files = (
				4ABAEFA8228000A200C715E5 /* FunQuizUITests.swift in Sources */,
			);
			runOnlyForDeploymentPostprocessing = 0;
		};
/* End PBXSourcesBuildPhase section */

/* Begin PBXTargetDependency section */
		4ABAEF9A228000A200C715E5 /* PBXTargetDependency */ = {
			isa = PBXTargetDependency;
			target = 4ABAEF83228000A000C715E5 /* FunQuiz */;
			targetProxy = 4ABAEF99228000A200C715E5 /* PBXContainerItemProxy */;
		};
		4ABAEFA5228000A200C715E5 /* PBXTargetDependency */ = {
			isa = PBXTargetDependency;
			target = 4ABAEF83228000A000C715E5 /* FunQuiz */;
			targetProxy = 4ABAEFA4228000A200C715E5 /* PBXContainerItemProxy */;
		};
/* End PBXTargetDependency section */

/* Begin PBXVariantGroup section */
		4ABAEF8B228000A000C715E5 /* Main.storyboard */ = {
			isa = PBXVariantGroup;
			children = (
				4ABAEF8C228000A000C715E5 /* Base */,
			);
			name = Main.storyboard;
			sourceTree = "<group>";
		};
		4ABAEF90228000A200C715E5 /* LaunchScreen.storyboard */ = {
			isa = PBXVariantGroup;
			children = (
				4ABAEF91228000A200C715E5 /* Base */,
			);
			name = LaunchScreen.storyboard;
			sourceTree = "<group>";
		};
/* End PBXVariantGroup section */

/* Begin XCBuildConfiguration section */
		4ABAEFAA228000A200C715E5 /* Debug */ = {
			isa = XCBuildConfiguration;
			buildSettings = {
				ALWAYS_SEARCH_USER_PATHS = NO;
				CLANG_ANALYZER_NONNULL = YES;
				CLANG_ANALYZER_NUMBER_OBJECT_CONVERSION = YES_AGGRESSIVE;
				CLANG_CXX_LANGUAGE_STANDARD = "gnu++14";
				CLANG_CXX_LIBRARY = "libc++";
				CLANG_ENABLE_MODULES = YES;
				CLANG_ENABLE_OBJC_ARC = YES;
				CLANG_ENABLE_OBJC_WEAK = YES;
				CLANG_WARN_BLOCK_CAPTURE_AUTORELEASING = YES;
				CLANG_WARN_BOOL_CONVERSION = YES;
				CLANG_WARN_COMMA = YES;
				CLANG_WARN_CONSTANT_CONVERSION = YES;
				CLANG_WARN_DEPRECATED_OBJC_IMPLEMENTATIONS = YES;
				CLANG_WARN_DIRECT_OBJC_ISA_USAGE = YES_ERROR;
				CLANG_WARN_DOCUMENTATION_COMMENTS = YES;
				CLANG_WARN_EMPTY_BODY = YES;
				CLANG_WARN_ENUM_CONVERSION = YES;
				CLANG_WARN_INFINITE_RECURSION = YES;
				CLANG_WARN_INT_CONVERSION = YES;
				CLANG_WARN_NON_LITERAL_NULL_CONVERSION = YES;
				CLANG_WARN_OBJC_IMPLICIT_RETAIN_SELF = YES;
				CLANG_WARN_OBJC_LITERAL_CONVERSION = YES;
				CLANG_WARN_OBJC_ROOT_CLASS = YES_ERROR;
				CLANG_WARN_RANGE_LOOP_ANALYSIS = YES;
				CLANG_WARN_STRICT_PROTOTYPES = YES;
				CLANG_WARN_SUSPICIOUS_MOVE = YES;
				CLANG_WARN_UNGUARDED_AVAILABILITY = YES_AGGRESSIVE;
				CLANG_WARN_UNREACHABLE_CODE = YES;
				CLANG_WARN__DUPLICATE_METHOD_MATCH = YES;
				CODE_SIGN_IDENTITY = "iPhone Developer";
				COPY_PHASE_STRIP = NO;
				DEBUG_INFORMATION_FORMAT = dwarf;
				ENABLE_STRICT_OBJC_MSGSEND = YES;
				ENABLE_TESTABILITY = YES;
				GCC_C_LANGUAGE_STANDARD = gnu11;
				GCC_DYNAMIC_NO_PIC = NO;
				GCC_NO_COMMON_BLOCKS = YES;
				GCC_OPTIMIZATION_LEVEL = 0;
				GCC_PREPROCESSOR_DEFINITIONS = (
					"DEBUG=1",
					"$(inherited)",
				);
				GCC_WARN_64_TO_32_BIT_CONVERSION = YES;
				GCC_WARN_ABOUT_RETURN_TYPE = YES_ERROR;
				GCC_WARN_UNDECLARED_SELECTOR = YES;
				GCC_WARN_UNINITIALIZED_AUTOS = YES_AGGRESSIVE;
				GCC_WARN_UNUSED_FUNCTION = YES;
				GCC_WARN_UNUSED_VARIABLE = YES;
				IPHONEOS_DEPLOYMENT_TARGET = 11.4;
				MTL_ENABLE_DEBUG_INFO = YES;
				ONLY_ACTIVE_ARCH = YES;
				SDKROOT = iphoneos;
				SWIFT_ACTIVE_COMPILATION_CONDITIONS = DEBUG;
				SWIFT_OPTIMIZATION_LEVEL = "-Onone";
			};
			name = Debug;
		};
		4ABAEFAB228000A200C715E5 /* Release */ = {
			isa = XCBuildConfiguration;
			buildSettings = {
				ALWAYS_SEARCH_USER_PATHS = NO;
				CLANG_ANALYZER_NONNULL = YES;
				CLANG_ANALYZER_NUMBER_OBJECT_CONVERSION = YES_AGGRESSIVE;
				CLANG_CXX_LANGUAGE_STANDARD = "gnu++14";
				CLANG_CXX_LIBRARY = "libc++";
				CLANG_ENABLE_MODULES = YES;
				CLANG_ENABLE_OBJC_ARC = YES;
				CLANG_ENABLE_OBJC_WEAK = YES;
				CLANG_WARN_BLOCK_CAPTURE_AUTORELEASING = YES;
				CLANG_WARN_BOOL_CONVERSION = YES;
				CLANG_WARN_COMMA = YES;
				CLANG_WARN_CONSTANT_CONVERSION = YES;
				CLANG_WARN_DEPRECATED_OBJC_IMPLEMENTATIONS = YES;
				CLANG_WARN_DIRECT_OBJC_ISA_USAGE = YES_ERROR;
				CLANG_WARN_DOCUMENTATION_COMMENTS = YES;
				CLANG_WARN_EMPTY_BODY = YES;
				CLANG_WARN_ENUM_CONVERSION = YES;
				CLANG_WARN_INFINITE_RECURSION = YES;
				CLANG_WARN_INT_CONVERSION = YES;
				CLANG_WARN_NON_LITERAL_NULL_CONVERSION = YES;
				CLANG_WARN_OBJC_IMPLICIT_RETAIN_SELF = YES;
				CLANG_WARN_OBJC_LITERAL_CONVERSION = YES;
				CLANG_WARN_OBJC_ROOT_CLASS = YES_ERROR;
				CLANG_WARN_RANGE_LOOP_ANALYSIS = YES;
				CLANG_WARN_STRICT_PROTOTYPES = YES;
				CLANG_WARN_SUSPICIOUS_MOVE = YES;
				CLANG_WARN_UNGUARDED_AVAILABILITY = YES_AGGRESSIVE;
				CLANG_WARN_UNREACHABLE_CODE = YES;
				CLANG_WARN__DUPLICATE_METHOD_MATCH = YES;
				CODE_SIGN_IDENTITY = "iPhone Developer";
				COPY_PHASE_STRIP = NO;
				DEBUG_INFORMATION_FORMAT = "dwarf-with-dsym";
				ENABLE_NS_ASSERTIONS = NO;
				ENABLE_STRICT_OBJC_MSGSEND = YES;
				GCC_C_LANGUAGE_STANDARD = gnu11;
				GCC_NO_COMMON_BLOCKS = YES;
				GCC_WARN_64_TO_32_BIT_CONVERSION = YES;
				GCC_WARN_ABOUT_RETURN_TYPE = YES_ERROR;
				GCC_WARN_UNDECLARED_SELECTOR = YES;
				GCC_WARN_UNINITIALIZED_AUTOS = YES_AGGRESSIVE;
				GCC_WARN_UNUSED_FUNCTION = YES;
				GCC_WARN_UNUSED_VARIABLE = YES;
				IPHONEOS_DEPLOYMENT_TARGET = 11.4;
				MTL_ENABLE_DEBUG_INFO = NO;
				SDKROOT = iphoneos;
				SWIFT_COMPILATION_MODE = wholemodule;
				SWIFT_OPTIMIZATION_LEVEL = "-O";
				VALIDATE_PRODUCT = YES;
			};
			name = Release;
		};
		4ABAEFAD228000A200C715E5 /* Debug */ = {
			isa = XCBuildConfiguration;
			buildSettings = {
				ASSETCATALOG_COMPILER_APPICON_NAME = AppIcon;
				CODE_SIGN_STYLE = Automatic;
				INFOPLIST_FILE = FunQuiz/Info.plist;
				LD_RUNPATH_SEARCH_PATHS = (
					"$(inherited)",
					"@executable_path/Frameworks",
				);
				PRODUCT_BUNDLE_IDENTIFIER = com.waveDemo.xyz.FunQuiz;
				PRODUCT_NAME = "$(TARGET_NAME)";
				SWIFT_VERSION = 4.2;
				TARGETED_DEVICE_FAMILY = 1;
			};
			name = Debug;
		};
		4ABAEFAE228000A200C715E5 /* Release */ = {
			isa = XCBuildConfiguration;
			buildSettings = {
				ASSETCATALOG_COMPILER_APPICON_NAME = AppIcon;
				CODE_SIGN_STYLE = Automatic;
				INFOPLIST_FILE = FunQuiz/Info.plist;
				LD_RUNPATH_SEARCH_PATHS = (
					"$(inherited)",
					"@executable_path/Frameworks",
				);
				PRODUCT_BUNDLE_IDENTIFIER = com.waveDemo.xyz.FunQuiz;
				PRODUCT_NAME = "$(TARGET_NAME)";
				SWIFT_VERSION = 4.2;
				TARGETED_DEVICE_FAMILY = 1;
			};
			name = Release;
		};
		4ABAEFB0228000A200C715E5 /* Debug */ = {
			isa = XCBuildConfiguration;
			buildSettings = {
				ALWAYS_EMBED_SWIFT_STANDARD_LIBRARIES = YES;
				BUNDLE_LOADER = "$(TEST_HOST)";
				CODE_SIGN_STYLE = Automatic;
				INFOPLIST_FILE = FunQuizTests/Info.plist;
				LD_RUNPATH_SEARCH_PATHS = (
					"$(inherited)",
					"@executable_path/Frameworks",
					"@loader_path/Frameworks",
				);
				PRODUCT_BUNDLE_IDENTIFIER = com.waveDemo.xyz.FunQuizTests;
				PRODUCT_NAME = "$(TARGET_NAME)";
				SWIFT_VERSION = 4.2;
				TARGETED_DEVICE_FAMILY = "1,2";
				TEST_HOST = "$(BUILT_PRODUCTS_DIR)/FunQuiz.app/FunQuiz";
			};
			name = Debug;
		};
		4ABAEFB1228000A200C715E5 /* Release */ = {
			isa = XCBuildConfiguration;
			buildSettings = {
				ALWAYS_EMBED_SWIFT_STANDARD_LIBRARIES = YES;
				BUNDLE_LOADER = "$(TEST_HOST)";
				CODE_SIGN_STYLE = Automatic;
				INFOPLIST_FILE = FunQuizTests/Info.plist;
				LD_RUNPATH_SEARCH_PATHS = (
					"$(inherited)",
					"@executable_path/Frameworks",
					"@loader_path/Frameworks",
				);
				PRODUCT_BUNDLE_IDENTIFIER = com.waveDemo.xyz.FunQuizTests;
				PRODUCT_NAME = "$(TARGET_NAME)";
				SWIFT_VERSION = 4.2;
				TARGETED_DEVICE_FAMILY = "1,2";
				TEST_HOST = "$(BUILT_PRODUCTS_DIR)/FunQuiz.app/FunQuiz";
			};
			name = Release;
		};
		4ABAEFB3228000A200C715E5 /* Debug */ = {
			isa = XCBuildConfiguration;
			buildSettings = {
				ALWAYS_EMBED_SWIFT_STANDARD_LIBRARIES = YES;
				CODE_SIGN_STYLE = Automatic;
				INFOPLIST_FILE = FunQuizUITests/Info.plist;
				LD_RUNPATH_SEARCH_PATHS = (
					"$(inherited)",
					"@executable_path/Frameworks",
					"@loader_path/Frameworks",
				);
				PRODUCT_BUNDLE_IDENTIFIER = com.waveDemo.xyz.FunQuizUITests;
				PRODUCT_NAME = "$(TARGET_NAME)";
				SWIFT_VERSION = 4.2;
				TARGETED_DEVICE_FAMILY = "1,2";
				TEST_TARGET_NAME = FunQuiz;
			};
			name = Debug;
		};
		4ABAEFB4228000A200C715E5 /* Release */ = {
			isa = XCBuildConfiguration;
			buildSettings = {
				ALWAYS_EMBED_SWIFT_STANDARD_LIBRARIES = YES;
				CODE_SIGN_STYLE = Automatic;
				INFOPLIST_FILE = FunQuizUITests/Info.plist;
				LD_RUNPATH_SEARCH_PATHS = (
					"$(inherited)",
					"@executable_path/Frameworks",
					"@loader_path/Frameworks",
				);
				PRODUCT_BUNDLE_IDENTIFIER = com.waveDemo.xyz.FunQuizUITests;
				PRODUCT_NAME = "$(TARGET_NAME)";
				SWIFT_VERSION = 4.2;
				TARGETED_DEVICE_FAMILY = "1,2";
				TEST_TARGET_NAME = FunQuiz;
			};
			name = Release;
		};
/* End XCBuildConfiguration section */

/* Begin XCConfigurationList section */
		4ABAEF7F228000A000C715E5 /* Build configuration list for PBXProject "FunQuiz" */ = {
			isa = XCConfigurationList;
			buildConfigurations = (
				4ABAEFAA228000A200C715E5 /* Debug */,
				4ABAEFAB228000A200C715E5 /* Release */,
			);
			defaultConfigurationIsVisible = 0;
			defaultConfigurationName = Release;
		};
		4ABAEFAC228000A200C715E5 /* Build configuration list for PBXNativeTarget "FunQuiz" */ = {
			isa = XCConfigurationList;
			buildConfigurations = (
				4ABAEFAD228000A200C715E5 /* Debug */,
				4ABAEFAE228000A200C715E5 /* Release */,
			);
			defaultConfigurationIsVisible = 0;
			defaultConfigurationName = Release;
		};
		4ABAEFAF228000A200C715E5 /* Build configuration list for PBXNativeTarget "FunQuizTests" */ = {
			isa = XCConfigurationList;
			buildConfigurations = (
				4ABAEFB0228000A200C715E5 /* Debug */,
				4ABAEFB1228000A200C715E5 /* Release */,
			);
			defaultConfigurationIsVisible = 0;
			defaultConfigurationName = Release;
		};
		4ABAEFB2228000A200C715E5 /* Build configuration list for PBXNativeTarget "FunQuizUITests" */ = {
			isa = XCConfigurationList;
			buildConfigurations = (
				4ABAEFB3228000A200C715E5 /* Debug */,
				4ABAEFB4228000A200C715E5 /* Release */,
			);
			defaultConfigurationIsVisible = 0;
			defaultConfigurationName = Release;
		};
/* End XCConfigurationList section */
	};
	rootObject = 4ABAEF7C228000A000C715E5 /* Project object */;
}
